// !$*UTF8*$!
{
	archiveVersion = 1;
	classes = {
	};
	objectVersion = 46;
	objects = {

/* Begin PBXBuildFile section */
		07027D1F16E683EB007BE13D /* 0_full.jpg in Resources */ = {isa = PBXBuildFile; fileRef = 07027D0F16E683EB007BE13D /* 0_full.jpg */; };
		07027D2016E683EB007BE13D /* 1_full.jpg in Resources */ = {isa = PBXBuildFile; fileRef = 07027D1016E683EB007BE13D /* 1_full.jpg */; };
		07027D2116E683EB007BE13D /* 2_full.jpg in Resources */ = {isa = PBXBuildFile; fileRef = 07027D1116E683EB007BE13D /* 2_full.jpg */; };
		07027D2216E683EB007BE13D /* 3_full.jpg in Resources */ = {isa = PBXBuildFile; fileRef = 07027D1216E683EB007BE13D /* 3_full.jpg */; };
		07027D2316E683EB007BE13D /* 4_full.jpg in Resources */ = {isa = PBXBuildFile; fileRef = 07027D1316E683EB007BE13D /* 4_full.jpg */; };
		07027D2416E683EB007BE13D /* 5_full.jpg in Resources */ = {isa = PBXBuildFile; fileRef = 07027D1416E683EB007BE13D /* 5_full.jpg */; };
		07027D2516E683EB007BE13D /* 6_full.jpg in Resources */ = {isa = PBXBuildFile; fileRef = 07027D1516E683EB007BE13D /* 6_full.jpg */; };
		07027D2616E683EB007BE13D /* 7_full.jpg in Resources */ = {isa = PBXBuildFile; fileRef = 07027D1616E683EB007BE13D /* 7_full.jpg */; };
		07027D2716E683EB007BE13D /* 8_full.jpg in Resources */ = {isa = PBXBuildFile; fileRef = 07027D1716E683EB007BE13D /* 8_full.jpg */; };
		07027D2816E683EB007BE13D /* 9_full.jpg in Resources */ = {isa = PBXBuildFile; fileRef = 07027D1816E683EB007BE13D /* 9_full.jpg */; };
		07027D2916E683EB007BE13D /* 10_full.jpg in Resources */ = {isa = PBXBuildFile; fileRef = 07027D1916E683EB007BE13D /* 10_full.jpg */; };
		07027D2A16E683EB007BE13D /* 11_full.jpg in Resources */ = {isa = PBXBuildFile; fileRef = 07027D1A16E683EB007BE13D /* 11_full.jpg */; };
		07027D2B16E683EB007BE13D /* 12_full.jpg in Resources */ = {isa = PBXBuildFile; fileRef = 07027D1B16E683EB007BE13D /* 12_full.jpg */; };
		07027D2C16E683EB007BE13D /* 13_full.jpg in Resources */ = {isa = PBXBuildFile; fileRef = 07027D1C16E683EB007BE13D /* 13_full.jpg */; };
		07027D2D16E683EB007BE13D /* 14_full.jpg in Resources */ = {isa = PBXBuildFile; fileRef = 07027D1D16E683EB007BE13D /* 14_full.jpg */; };
		07027D2E16E683EB007BE13D /* 15_full.jpg in Resources */ = {isa = PBXBuildFile; fileRef = 07027D1E16E683EB007BE13D /* 15_full.jpg */; };
		07C8E4A616CC3A37000CC940 /* AboutUsViewController.m in Sources */ = {isa = PBXBuildFile; fileRef = 07C8E49E16CC1B88000CC940 /* AboutUsViewController.m */; };
		07F31BEA161AAC3700CAB198 /* LaunchImage_Normal.png in Resources */ = {isa = PBXBuildFile; fileRef = 07F31BE8161AAC3600CAB198 /* LaunchImage_Normal.png */; };
		07F31BEB161AAC3700CAB198 /* LaunchImage_Retina.png in Resources */ = {isa = PBXBuildFile; fileRef = 07F31BE9161AAC3600CAB198 /* LaunchImage_Retina.png */; };
		07F31BED161AAC4D00CAB198 /* Default.png in Resources */ = {isa = PBXBuildFile; fileRef = 07F31BEC161AAC4D00CAB198 /* Default.png */; };
		07F31BEF161AAC6000CAB198 /* Default@2x.png in Resources */ = {isa = PBXBuildFile; fileRef = 07F31BEE161AAC6000CAB198 /* Default@2x.png */; };
		30031E7716EFA21000981CCC /* BurialMapViewController.m in Sources */ = {isa = PBXBuildFile; fileRef = 30031E7616EFA21000981CCC /* BurialMapViewController.m */; };
		30031E7916EFAA8700981CCC /* BurialMap.png in Resources */ = {isa = PBXBuildFile; fileRef = 30031E7816EFAA8700981CCC /* BurialMap.png */; };
		300BAF4C171D87E40098AADA /* not_available.png in Resources */ = {isa = PBXBuildFile; fileRef = 300BAF4B171D87E40098AADA /* not_available.png */; };
		3024B33416D80578007FDB0B /* ImageDetailViewController.m in Sources */ = {isa = PBXBuildFile; fileRef = 3024B33316D80578007FDB0B /* ImageDetailViewController.m */; };
		3027743E1703296700FDFBD2 /* default_tomb_db.json in Resources */ = {isa = PBXBuildFile; fileRef = 3027743D1703296700FDFBD2 /* default_tomb_db.json */; };
		3030A72516DE8C3600ADD02F /* globe_24.png in Resources */ = {isa = PBXBuildFile; fileRef = 3030A72216DE8C3600ADD02F /* globe_24.png */; };
		3030A72616DE8C3600ADD02F /* globe_48.png in Resources */ = {isa = PBXBuildFile; fileRef = 3030A72316DE8C3600ADD02F /* globe_48.png */; };
		3030A72716DE8C3600ADD02F /* globe_64.png in Resources */ = {isa = PBXBuildFile; fileRef = 3030A72416DE8C3600ADD02F /* globe_64.png */; };
		309EBD9716488B2A00F7386B /* ssimage01.png in Resources */ = {isa = PBXBuildFile; fileRef = 309EBD9216488B2A00F7386B /* ssimage01.png */; };
		309EBD9816488B2A00F7386B /* ssimage02.png in Resources */ = {isa = PBXBuildFile; fileRef = 309EBD9316488B2A00F7386B /* ssimage02.png */; };
		309EBD9916488B2A00F7386B /* ssimage03.png in Resources */ = {isa = PBXBuildFile; fileRef = 309EBD9416488B2A00F7386B /* ssimage03.png */; };
		309EBD9A16488B2A00F7386B /* ssimage04.png in Resources */ = {isa = PBXBuildFile; fileRef = 309EBD9516488B2A00F7386B /* ssimage04.png */; };
		30B2EEEB18D202A5005CBAB4 /* ImageGalleryCollectionViewController.m in Sources */ = {isa = PBXBuildFile; fileRef = 30B2EEEA18D202A5005CBAB4 /* ImageGalleryCollectionViewController.m */; };
		30B2EEEE18D2038C005CBAB4 /* ImageGalleryCell.m in Sources */ = {isa = PBXBuildFile; fileRef = 30B2EEED18D2038C005CBAB4 /* ImageGalleryCell.m */; };
		30D582901944AC49002760D5 /* testjson.json in Resources */ = {isa = PBXBuildFile; fileRef = 30D5828F1944AC49002760D5 /* testjson.json */; };
		30D8FE2C16EA70AC00C2C1A1 /* SearchTableViewController.m in Sources */ = {isa = PBXBuildFile; fileRef = 30D8FE2616EA70AC00C2C1A1 /* SearchTableViewController.m */; };
		30D8FE2E16EA70AC00C2C1A1 /* Tomb.m in Sources */ = {isa = PBXBuildFile; fileRef = 30D8FE2916EA70AC00C2C1A1 /* Tomb.m */; };
		30D8FE2F16EA70AC00C2C1A1 /* TombDetailViewController.m in Sources */ = {isa = PBXBuildFile; fileRef = 30D8FE2B16EA70AC00C2C1A1 /* TombDetailViewController.m */; };
		3F16AD1217037F6000DB0DA8 /* poem_1.png in Resources */ = {isa = PBXBuildFile; fileRef = 3F16AD0A17037F6000DB0DA8 /* poem_1.png */; };
		3F16AD1417037F6000DB0DA8 /* poem_8.png in Resources */ = {isa = PBXBuildFile; fileRef = 3F16AD0C17037F6000DB0DA8 /* poem_8.png */; };
		3F16AD1617037F6000DB0DA8 /* poem_9.png in Resources */ = {isa = PBXBuildFile; fileRef = 3F16AD0E17037F6000DB0DA8 /* poem_9.png */; };
		3F16AD1817037F6000DB0DA8 /* poem_10.png in Resources */ = {isa = PBXBuildFile; fileRef = 3F16AD1017037F6000DB0DA8 /* poem_10.png */; };
		3F16AD1D1703809F00DB0DA8 /* i5_poem_1.png in Resources */ = {isa = PBXBuildFile; fileRef = 3F16AD191703809F00DB0DA8 /* i5_poem_1.png */; };
		3F16AD1E1703809F00DB0DA8 /* i5_poem_8.png in Resources */ = {isa = PBXBuildFile; fileRef = 3F16AD1A1703809F00DB0DA8 /* i5_poem_8.png */; };
		3F16AD1F1703809F00DB0DA8 /* i5_poem_9.png in Resources */ = {isa = PBXBuildFile; fileRef = 3F16AD1B1703809F00DB0DA8 /* i5_poem_9.png */; };
		3F16AD201703809F00DB0DA8 /* i5_poem_10.png in Resources */ = {isa = PBXBuildFile; fileRef = 3F16AD1C1703809F00DB0DA8 /* i5_poem_10.png */; };
		3F16AD251703823300DB0DA8 /* i5_poem_6.png in Resources */ = {isa = PBXBuildFile; fileRef = 3F16AD211703823300DB0DA8 /* i5_poem_6.png */; };
		3F16AD261703823300DB0DA8 /* i5_poem_7.png in Resources */ = {isa = PBXBuildFile; fileRef = 3F16AD221703823300DB0DA8 /* i5_poem_7.png */; };
		3F16AD271703823300DB0DA8 /* poem_6.png in Resources */ = {isa = PBXBuildFile; fileRef = 3F16AD231703823300DB0DA8 /* poem_6.png */; };
		3F16AD281703823300DB0DA8 /* poem_7.png in Resources */ = {isa = PBXBuildFile; fileRef = 3F16AD241703823300DB0DA8 /* poem_7.png */; };
		3F16AD2D1703834700DB0DA8 /* i5_poem_3.png in Resources */ = {isa = PBXBuildFile; fileRef = 3F16AD291703834700DB0DA8 /* i5_poem_3.png */; };
		3F16AD2E1703834700DB0DA8 /* i5_poem_4.png in Resources */ = {isa = PBXBuildFile; fileRef = 3F16AD2A1703834700DB0DA8 /* i5_poem_4.png */; };
		3F16AD2F1703834700DB0DA8 /* poem_3.png in Resources */ = {isa = PBXBuildFile; fileRef = 3F16AD2B1703834700DB0DA8 /* poem_3.png */; };
		3F16AD301703834700DB0DA8 /* poem_4.png in Resources */ = {isa = PBXBuildFile; fileRef = 3F16AD2C1703834700DB0DA8 /* poem_4.png */; };
		3F16AD33170383A900DB0DA8 /* i5_poem_5.png in Resources */ = {isa = PBXBuildFile; fileRef = 3F16AD31170383A800DB0DA8 /* i5_poem_5.png */; };
		3F16AD34170383A900DB0DA8 /* poem_5.png in Resources */ = {isa = PBXBuildFile; fileRef = 3F16AD32170383A900DB0DA8 /* poem_5.png */; };
		3F16AD37170384C500DB0DA8 /* i5_poem_2.png in Resources */ = {isa = PBXBuildFile; fileRef = 3F16AD35170384C500DB0DA8 /* i5_poem_2.png */; };
		3F16AD38170384C500DB0DA8 /* poem_2.png in Resources */ = {isa = PBXBuildFile; fileRef = 3F16AD36170384C500DB0DA8 /* poem_2.png */; };
		3F16D4A81715E46400A4574E /* TombstoneViewController.m in Sources */ = {isa = PBXBuildFile; fileRef = 3F16D4A71715E46400A4574E /* TombstoneViewController.m */; };
		3F16D4AB1715ECCB00A4574E /* SectionViewController.m in Sources */ = {isa = PBXBuildFile; fileRef = 3F16D4AA1715ECCB00A4574E /* SectionViewController.m */; };
		3F1FDD1516137871008C52DE /* AppIcon_Normal.png in Resources */ = {isa = PBXBuildFile; fileRef = 3F1FDAAC16137870008C52DE /* AppIcon_Normal.png */; };
		3F1FDD1616137871008C52DE /* AppIcon_Retina.png in Resources */ = {isa = PBXBuildFile; fileRef = 3F1FDAAD16137870008C52DE /* AppIcon_Retina.png */; };
		3F1FDE0A16137871008C52DE /* home_24.png in Resources */ = {isa = PBXBuildFile; fileRef = 3F1FDBA216137870008C52DE /* home_24.png */; };
		3F1FDE0B16137871008C52DE /* home_48.png in Resources */ = {isa = PBXBuildFile; fileRef = 3F1FDBA316137870008C52DE /* home_48.png */; };
		3F1FDE0C16137871008C52DE /* home_64.png in Resources */ = {isa = PBXBuildFile; fileRef = 3F1FDBA416137870008C52DE /* home_64.png */; };
		3F1FDE2316137871008C52DE /* magnifier_24.png in Resources */ = {isa = PBXBuildFile; fileRef = 3F1FDBBB16137870008C52DE /* magnifier_24.png */; };
		3F1FDE2416137871008C52DE /* magnifier_48.png in Resources */ = {isa = PBXBuildFile; fileRef = 3F1FDBBC16137870008C52DE /* magnifier_48.png */; };
		3F1FDE2516137871008C52DE /* magnifier_64.png in Resources */ = {isa = PBXBuildFile; fileRef = 3F1FDBBD16137870008C52DE /* magnifier_64.png */; };
		3F1FDF3216137871008C52DE /* icon_home.png in Resources */ = {isa = PBXBuildFile; fileRef = 3F1FDCCB16137871008C52DE /* icon_home.png */; };
		3F1FDF3B16137871008C52DE /* icon_magnify_glass.png in Resources */ = {isa = PBXBuildFile; fileRef = 3F1FDCD416137871008C52DE /* icon_magnify_glass.png */; };
		3F3D444716B9CA7C00A760DC /* HomeViewController.m in Sources */ = {isa = PBXBuildFile; fileRef = 3F3D444616B9CA7C00A760DC /* HomeViewController.m */; };
		3F67165F16FA0F8900674923 /* SlideShowScrollView.m in Sources */ = {isa = PBXBuildFile; fileRef = 3F67165E16FA0F8900674923 /* SlideShowScrollView.m */; };
		3F67166216FA292400674923 /* PoemImageView.m in Sources */ = {isa = PBXBuildFile; fileRef = 3F67166116FA292400674923 /* PoemImageView.m */; };
		3F7337BB171F2C7900C9239E /* Map2.png in Resources */ = {isa = PBXBuildFile; fileRef = 3F7337BA171F2C7900C9239E /* Map2.png */; };
		3F76C5DC1610D52F0027640E /* MapViewController.m in Sources */ = {isa = PBXBuildFile; fileRef = 3F76C5DB1610D52F0027640E /* MapViewController.m */; };
		3F76C5E51610DFDA0027640E /* MoreViewController.m in Sources */ = {isa = PBXBuildFile; fileRef = 3F76C5E41610DFDA0027640E /* MoreViewController.m */; };
		3FA45178161CA7E20093329D /* Default-568h@2x.png in Resources */ = {isa = PBXBuildFile; fileRef = 3FA45177161CA7E20093329D /* Default-568h@2x.png */; };
		3FA7D34F1610B64700F132F3 /* UIKit.framework in Frameworks */ = {isa = PBXBuildFile; fileRef = 3FA7D34E1610B64700F132F3 /* UIKit.framework */; };
		3FA7D3511610B64700F132F3 /* Foundation.framework in Frameworks */ = {isa = PBXBuildFile; fileRef = 3FA7D3501610B64700F132F3 /* Foundation.framework */; };
		3FA7D3531610B64700F132F3 /* CoreGraphics.framework in Frameworks */ = {isa = PBXBuildFile; fileRef = 3FA7D3521610B64700F132F3 /* CoreGraphics.framework */; };
		3FA7D3591610B64700F132F3 /* InfoPlist.strings in Resources */ = {isa = PBXBuildFile; fileRef = 3FA7D3571610B64700F132F3 /* InfoPlist.strings */; };
		3FA7D35B1610B64800F132F3 /* main.m in Sources */ = {isa = PBXBuildFile; fileRef = 3FA7D35A1610B64800F132F3 /* main.m */; };
		3FA7D3621610B64800F132F3 /* MainStoryboard.storyboard in Resources */ = {isa = PBXBuildFile; fileRef = 3FA7D3601610B64800F132F3 /* MainStoryboard.storyboard */; };
		3FCC17031700C4B00066EFF0 /* QuartzCore.framework in Frameworks */ = {isa = PBXBuildFile; fileRef = 3FCC17021700C4B00066EFF0 /* QuartzCore.framework */; };
		3FE71AD1161A0F8E00FF736A /* CemeteryAppAppDelegate.m in Sources */ = {isa = PBXBuildFile; fileRef = 3FE71AD0161A0F8E00FF736A /* CemeteryAppAppDelegate.m */; };
/* End PBXBuildFile section */

/* Begin PBXFileReference section */
		07027D0F16E683EB007BE13D /* 0_full.jpg */ = {isa = PBXFileReference; lastKnownFileType = image.jpeg; name = 0_full.jpg; path = full/0_full.jpg; sourceTree = "<group>"; };
		07027D1016E683EB007BE13D /* 1_full.jpg */ = {isa = PBXFileReference; lastKnownFileType = image.jpeg; name = 1_full.jpg; path = full/1_full.jpg; sourceTree = "<group>"; };
		07027D1116E683EB007BE13D /* 2_full.jpg */ = {isa = PBXFileReference; lastKnownFileType = image.jpeg; name = 2_full.jpg; path = full/2_full.jpg; sourceTree = "<group>"; };
		07027D1216E683EB007BE13D /* 3_full.jpg */ = {isa = PBXFileReference; lastKnownFileType = image.jpeg; name = 3_full.jpg; path = full/3_full.jpg; sourceTree = "<group>"; };
		07027D1316E683EB007BE13D /* 4_full.jpg */ = {isa = PBXFileReference; lastKnownFileType = image.jpeg; name = 4_full.jpg; path = full/4_full.jpg; sourceTree = "<group>"; };
		07027D1416E683EB007BE13D /* 5_full.jpg */ = {isa = PBXFileReference; lastKnownFileType = image.jpeg; name = 5_full.jpg; path = full/5_full.jpg; sourceTree = "<group>"; };
		07027D1516E683EB007BE13D /* 6_full.jpg */ = {isa = PBXFileReference; lastKnownFileType = image.jpeg; name = 6_full.jpg; path = full/6_full.jpg; sourceTree = "<group>"; };
		07027D1616E683EB007BE13D /* 7_full.jpg */ = {isa = PBXFileReference; lastKnownFileType = image.jpeg; name = 7_full.jpg; path = full/7_full.jpg; sourceTree = "<group>"; };
		07027D1716E683EB007BE13D /* 8_full.jpg */ = {isa = PBXFileReference; lastKnownFileType = image.jpeg; name = 8_full.jpg; path = full/8_full.jpg; sourceTree = "<group>"; };
		07027D1816E683EB007BE13D /* 9_full.jpg */ = {isa = PBXFileReference; lastKnownFileType = image.jpeg; name = 9_full.jpg; path = full/9_full.jpg; sourceTree = "<group>"; };
		07027D1916E683EB007BE13D /* 10_full.jpg */ = {isa = PBXFileReference; lastKnownFileType = image.jpeg; name = 10_full.jpg; path = full/10_full.jpg; sourceTree = "<group>"; };
		07027D1A16E683EB007BE13D /* 11_full.jpg */ = {isa = PBXFileReference; lastKnownFileType = image.jpeg; name = 11_full.jpg; path = full/11_full.jpg; sourceTree = "<group>"; };
		07027D1B16E683EB007BE13D /* 12_full.jpg */ = {isa = PBXFileReference; lastKnownFileType = image.jpeg; name = 12_full.jpg; path = full/12_full.jpg; sourceTree = "<group>"; };
		07027D1C16E683EB007BE13D /* 13_full.jpg */ = {isa = PBXFileReference; lastKnownFileType = image.jpeg; name = 13_full.jpg; path = full/13_full.jpg; sourceTree = "<group>"; };
		07027D1D16E683EB007BE13D /* 14_full.jpg */ = {isa = PBXFileReference; lastKnownFileType = image.jpeg; name = 14_full.jpg; path = full/14_full.jpg; sourceTree = "<group>"; };
		07027D1E16E683EB007BE13D /* 15_full.jpg */ = {isa = PBXFileReference; lastKnownFileType = image.jpeg; name = 15_full.jpg; path = full/15_full.jpg; sourceTree = "<group>"; };
		0715FAC91610BF81006A91A0 /* AppIcon_Normal.png */ = {isa = PBXFileReference; lastKnownFileType = image.png; name = AppIcon_Normal.png; path = ../AppIcon_Normal.png; sourceTree = "<group>"; };
		0715FACB1610BF87006A91A0 /* AppIcon_Retina.png */ = {isa = PBXFileReference; lastKnownFileType = image.png; name = AppIcon_Retina.png; path = ../AppIcon_Retina.png; sourceTree = "<group>"; };
		07C8E49D16CC1B88000CC940 /* AboutUsViewController.h */ = {isa = PBXFileReference; fileEncoding = 4; lastKnownFileType = sourcecode.c.h; path = AboutUsViewController.h; sourceTree = "<group>"; };
		07C8E49E16CC1B88000CC940 /* AboutUsViewController.m */ = {isa = PBXFileReference; fileEncoding = 4; lastKnownFileType = sourcecode.c.objc; path = AboutUsViewController.m; sourceTree = "<group>"; };
		07F31BE8161AAC3600CAB198 /* LaunchImage_Normal.png */ = {isa = PBXFileReference; lastKnownFileType = image.png; name = LaunchImage_Normal.png; path = ../LaunchImage_Normal.png; sourceTree = "<group>"; };
		07F31BE9161AAC3600CAB198 /* LaunchImage_Retina.png */ = {isa = PBXFileReference; lastKnownFileType = image.png; name = LaunchImage_Retina.png; path = ../LaunchImage_Retina.png; sourceTree = "<group>"; };
		07F31BEC161AAC4D00CAB198 /* Default.png */ = {isa = PBXFileReference; lastKnownFileType = image.png; name = Default.png; path = ../Default.png; sourceTree = "<group>"; };
		07F31BEE161AAC6000CAB198 /* Default@2x.png */ = {isa = PBXFileReference; lastKnownFileType = image.png; name = "Default@2x.png"; path = "../Default@2x.png"; sourceTree = "<group>"; };
		30031E7516EFA21000981CCC /* BurialMapViewController.h */ = {isa = PBXFileReference; fileEncoding = 4; lastKnownFileType = sourcecode.c.h; path = BurialMapViewController.h; sourceTree = "<group>"; };
		30031E7616EFA21000981CCC /* BurialMapViewController.m */ = {isa = PBXFileReference; fileEncoding = 4; lastKnownFileType = sourcecode.c.objc; path = BurialMapViewController.m; sourceTree = "<group>"; };
		30031E7816EFAA8700981CCC /* BurialMap.png */ = {isa = PBXFileReference; lastKnownFileType = image.png; path = BurialMap.png; sourceTree = "<group>"; };
		300BAF4B171D87E40098AADA /* not_available.png */ = {isa = PBXFileReference; lastKnownFileType = image.png; name = not_available.png; path = ../CemeteryApp/not_available.png; sourceTree = "<group>"; };
		3024B33216D80578007FDB0B /* ImageDetailViewController.h */ = {isa = PBXFileReference; fileEncoding = 4; lastKnownFileType = sourcecode.c.h; path = ImageDetailViewController.h; sourceTree = "<group>"; };
		3024B33316D80578007FDB0B /* ImageDetailViewController.m */ = {isa = PBXFileReference; fileEncoding = 4; lastKnownFileType = sourcecode.c.objc; path = ImageDetailViewController.m; sourceTree = "<group>"; };
		3027743D1703296700FDFBD2 /* default_tomb_db.json */ = {isa = PBXFileReference; fileEncoding = 4; lastKnownFileType = text.json; path = default_tomb_db.json; sourceTree = "<group>"; };
		3030A72216DE8C3600ADD02F /* globe_24.png */ = {isa = PBXFileReference; lastKnownFileType = image.png; name = globe_24.png; path = "../TWG Retina Icons/globe_24.png"; sourceTree = "<group>"; };
		3030A72316DE8C3600ADD02F /* globe_48.png */ = {isa = PBXFileReference; lastKnownFileType = image.png; name = globe_48.png; path = "../TWG Retina Icons/globe_48.png"; sourceTree = "<group>"; };
		3030A72416DE8C3600ADD02F /* globe_64.png */ = {isa = PBXFileReference; lastKnownFileType = image.png; name = globe_64.png; path = "../TWG Retina Icons/globe_64.png"; sourceTree = "<group>"; };
		303A661E16EF669700CA2324 /* SystemConfiguration.framework */ = {isa = PBXFileReference; lastKnownFileType = wrapper.framework; name = SystemConfiguration.framework; path = System/Library/Frameworks/SystemConfiguration.framework; sourceTree = SDKROOT; };
		309EBD9216488B2A00F7386B /* ssimage01.png */ = {isa = PBXFileReference; lastKnownFileType = image.png; path = ssimage01.png; sourceTree = "<group>"; };
		309EBD9316488B2A00F7386B /* ssimage02.png */ = {isa = PBXFileReference; lastKnownFileType = image.png; path = ssimage02.png; sourceTree = "<group>"; };
		309EBD9416488B2A00F7386B /* ssimage03.png */ = {isa = PBXFileReference; lastKnownFileType = image.png; path = ssimage03.png; sourceTree = "<group>"; };
		309EBD9516488B2A00F7386B /* ssimage04.png */ = {isa = PBXFileReference; lastKnownFileType = image.png; path = ssimage04.png; sourceTree = "<group>"; };
		30B2EEE918D202A5005CBAB4 /* ImageGalleryCollectionViewController.h */ = {isa = PBXFileReference; fileEncoding = 4; lastKnownFileType = sourcecode.c.h; path = ImageGalleryCollectionViewController.h; sourceTree = "<group>"; };
		30B2EEEA18D202A5005CBAB4 /* ImageGalleryCollectionViewController.m */ = {isa = PBXFileReference; fileEncoding = 4; lastKnownFileType = sourcecode.c.objc; path = ImageGalleryCollectionViewController.m; sourceTree = "<group>"; };
		30B2EEEC18D2038C005CBAB4 /* ImageGalleryCell.h */ = {isa = PBXFileReference; fileEncoding = 4; lastKnownFileType = sourcecode.c.h; path = ImageGalleryCell.h; sourceTree = "<group>"; };
		30B2EEED18D2038C005CBAB4 /* ImageGalleryCell.m */ = {isa = PBXFileReference; fileEncoding = 4; lastKnownFileType = sourcecode.c.objc; path = ImageGalleryCell.m; sourceTree = "<group>"; };
		30D5828F1944AC49002760D5 /* testjson.json */ = {isa = PBXFileReference; fileEncoding = 4; lastKnownFileType = text.json; path = testjson.json; sourceTree = "<group>"; };
		30D8FE2516EA70AC00C2C1A1 /* SearchTableViewController.h */ = {isa = PBXFileReference; fileEncoding = 4; lastKnownFileType = sourcecode.c.h; path = SearchTableViewController.h; sourceTree = "<group>"; };
		30D8FE2616EA70AC00C2C1A1 /* SearchTableViewController.m */ = {isa = PBXFileReference; fileEncoding = 4; lastKnownFileType = sourcecode.c.objc; path = SearchTableViewController.m; sourceTree = "<group>"; };
		30D8FE2816EA70AC00C2C1A1 /* Tomb.h */ = {isa = PBXFileReference; fileEncoding = 4; lastKnownFileType = sourcecode.c.h; path = Tomb.h; sourceTree = "<group>"; };
		30D8FE2916EA70AC00C2C1A1 /* Tomb.m */ = {isa = PBXFileReference; fileEncoding = 4; lastKnownFileType = sourcecode.c.objc; path = Tomb.m; sourceTree = "<group>"; };
		30D8FE2A16EA70AC00C2C1A1 /* TombDetailViewController.h */ = {isa = PBXFileReference; fileEncoding = 4; lastKnownFileType = sourcecode.c.h; path = TombDetailViewController.h; sourceTree = "<group>"; };
		30D8FE2B16EA70AC00C2C1A1 /* TombDetailViewController.m */ = {isa = PBXFileReference; fileEncoding = 4; lastKnownFileType = sourcecode.c.objc; path = TombDetailViewController.m; sourceTree = "<group>"; };
		3F16AD0A17037F6000DB0DA8 /* poem_1.png */ = {isa = PBXFileReference; lastKnownFileType = image.png; path = poem_1.png; sourceTree = "<group>"; };
		3F16AD0C17037F6000DB0DA8 /* poem_8.png */ = {isa = PBXFileReference; lastKnownFileType = image.png; path = poem_8.png; sourceTree = "<group>"; };
		3F16AD0E17037F6000DB0DA8 /* poem_9.png */ = {isa = PBXFileReference; lastKnownFileType = image.png; path = poem_9.png; sourceTree = "<group>"; };
		3F16AD1017037F6000DB0DA8 /* poem_10.png */ = {isa = PBXFileReference; lastKnownFileType = image.png; path = poem_10.png; sourceTree = "<group>"; };
		3F16AD191703809F00DB0DA8 /* i5_poem_1.png */ = {isa = PBXFileReference; lastKnownFileType = image.png; path = i5_poem_1.png; sourceTree = "<group>"; };
		3F16AD1A1703809F00DB0DA8 /* i5_poem_8.png */ = {isa = PBXFileReference; lastKnownFileType = image.png; path = i5_poem_8.png; sourceTree = "<group>"; };
		3F16AD1B1703809F00DB0DA8 /* i5_poem_9.png */ = {isa = PBXFileReference; lastKnownFileType = image.png; path = i5_poem_9.png; sourceTree = "<group>"; };
		3F16AD1C1703809F00DB0DA8 /* i5_poem_10.png */ = {isa = PBXFileReference; lastKnownFileType = image.png; path = i5_poem_10.png; sourceTree = "<group>"; };
		3F16AD211703823300DB0DA8 /* i5_poem_6.png */ = {isa = PBXFileReference; lastKnownFileType = image.png; path = i5_poem_6.png; sourceTree = "<group>"; };
		3F16AD221703823300DB0DA8 /* i5_poem_7.png */ = {isa = PBXFileReference; lastKnownFileType = image.png; path = i5_poem_7.png; sourceTree = "<group>"; };
		3F16AD231703823300DB0DA8 /* poem_6.png */ = {isa = PBXFileReference; lastKnownFileType = image.png; path = poem_6.png; sourceTree = "<group>"; };
		3F16AD241703823300DB0DA8 /* poem_7.png */ = {isa = PBXFileReference; lastKnownFileType = image.png; path = poem_7.png; sourceTree = "<group>"; };
		3F16AD291703834700DB0DA8 /* i5_poem_3.png */ = {isa = PBXFileReference; lastKnownFileType = image.png; path = i5_poem_3.png; sourceTree = "<group>"; };
		3F16AD2A1703834700DB0DA8 /* i5_poem_4.png */ = {isa = PBXFileReference; lastKnownFileType = image.png; path = i5_poem_4.png; sourceTree = "<group>"; };
		3F16AD2B1703834700DB0DA8 /* poem_3.png */ = {isa = PBXFileReference; lastKnownFileType = image.png; path = poem_3.png; sourceTree = "<group>"; };
		3F16AD2C1703834700DB0DA8 /* poem_4.png */ = {isa = PBXFileReference; lastKnownFileType = image.png; path = poem_4.png; sourceTree = "<group>"; };
		3F16AD31170383A800DB0DA8 /* i5_poem_5.png */ = {isa = PBXFileReference; lastKnownFileType = image.png; path = i5_poem_5.png; sourceTree = "<group>"; };
		3F16AD32170383A900DB0DA8 /* poem_5.png */ = {isa = PBXFileReference; lastKnownFileType = image.png; path = poem_5.png; sourceTree = "<group>"; };
		3F16AD35170384C500DB0DA8 /* i5_poem_2.png */ = {isa = PBXFileReference; lastKnownFileType = image.png; path = i5_poem_2.png; sourceTree = "<group>"; };
		3F16AD36170384C500DB0DA8 /* poem_2.png */ = {isa = PBXFileReference; lastKnownFileType = image.png; path = poem_2.png; sourceTree = "<group>"; };
		3F16D4A61715E46400A4574E /* TombstoneViewController.h */ = {isa = PBXFileReference; fileEncoding = 4; lastKnownFileType = sourcecode.c.h; path = TombstoneViewController.h; sourceTree = "<group>"; };
		3F16D4A71715E46400A4574E /* TombstoneViewController.m */ = {isa = PBXFileReference; fileEncoding = 4; lastKnownFileType = sourcecode.c.objc; path = TombstoneViewController.m; sourceTree = "<group>"; };
		3F16D4A91715ECCB00A4574E /* SectionViewController.h */ = {isa = PBXFileReference; fileEncoding = 4; lastKnownFileType = sourcecode.c.h; path = SectionViewController.h; sourceTree = "<group>"; };
		3F16D4AA1715ECCB00A4574E /* SectionViewController.m */ = {isa = PBXFileReference; fileEncoding = 4; lastKnownFileType = sourcecode.c.objc; path = SectionViewController.m; sourceTree = "<group>"; };
		3F1FDAAC16137870008C52DE /* AppIcon_Normal.png */ = {isa = PBXFileReference; lastKnownFileType = image.png; path = AppIcon_Normal.png; sourceTree = "<group>"; };
		3F1FDAAD16137870008C52DE /* AppIcon_Retina.png */ = {isa = PBXFileReference; lastKnownFileType = image.png; path = AppIcon_Retina.png; sourceTree = "<group>"; };
		3F1FDBA216137870008C52DE /* home_24.png */ = {isa = PBXFileReference; lastKnownFileType = image.png; name = home_24.png; path = "../TWG Retina Icons/home_24.png"; sourceTree = "<group>"; };
		3F1FDBA316137870008C52DE /* home_48.png */ = {isa = PBXFileReference; lastKnownFileType = image.png; name = home_48.png; path = "../TWG Retina Icons/home_48.png"; sourceTree = "<group>"; };
		3F1FDBA416137870008C52DE /* home_64.png */ = {isa = PBXFileReference; lastKnownFileType = image.png; name = home_64.png; path = "../TWG Retina Icons/home_64.png"; sourceTree = "<group>"; };
		3F1FDBBB16137870008C52DE /* magnifier_24.png */ = {isa = PBXFileReference; lastKnownFileType = image.png; name = magnifier_24.png; path = "../TWG Retina Icons/magnifier_24.png"; sourceTree = "<group>"; };
		3F1FDBBC16137870008C52DE /* magnifier_48.png */ = {isa = PBXFileReference; lastKnownFileType = image.png; name = magnifier_48.png; path = "../TWG Retina Icons/magnifier_48.png"; sourceTree = "<group>"; };
		3F1FDBBD16137870008C52DE /* magnifier_64.png */ = {isa = PBXFileReference; lastKnownFileType = image.png; name = magnifier_64.png; path = "../TWG Retina Icons/magnifier_64.png"; sourceTree = "<group>"; };
		3F1FDC7116137871008C52DE /* AppIcon_Normal.png */ = {isa = PBXFileReference; lastKnownFileType = image.png; name = AppIcon_Normal.png; path = ../twg_iphone_toolbar_icons/AppIcon_Normal.png; sourceTree = "<group>"; };
		3F1FDCCB16137871008C52DE /* icon_home.png */ = {isa = PBXFileReference; lastKnownFileType = image.png; name = icon_home.png; path = ../twg_iphone_toolbar_icons/icon_home.png; sourceTree = "<group>"; };
		3F1FDCD416137871008C52DE /* icon_magnify_glass.png */ = {isa = PBXFileReference; lastKnownFileType = image.png; name = icon_magnify_glass.png; path = ../twg_iphone_toolbar_icons/icon_magnify_glass.png; sourceTree = "<group>"; };
		3F3D444616B9CA7C00A760DC /* HomeViewController.m */ = {isa = PBXFileReference; fileEncoding = 4; lastKnownFileType = sourcecode.c.objc; path = HomeViewController.m; sourceTree = "<group>"; };
		3F3D444816B9CA8700A760DC /* HomeViewController.h */ = {isa = PBXFileReference; fileEncoding = 4; lastKnownFileType = sourcecode.c.h; path = HomeViewController.h; sourceTree = "<group>"; };
		3F67165D16FA0F8900674923 /* SlideShowScrollView.h */ = {isa = PBXFileReference; fileEncoding = 4; lastKnownFileType = sourcecode.c.h; path = SlideShowScrollView.h; sourceTree = "<group>"; };
		3F67165E16FA0F8900674923 /* SlideShowScrollView.m */ = {isa = PBXFileReference; fileEncoding = 4; lastKnownFileType = sourcecode.c.objc; path = SlideShowScrollView.m; sourceTree = "<group>"; };
		3F67166016FA292400674923 /* PoemImageView.h */ = {isa = PBXFileReference; fileEncoding = 4; lastKnownFileType = sourcecode.c.h; path = PoemImageView.h; sourceTree = "<group>"; };
		3F67166116FA292400674923 /* PoemImageView.m */ = {isa = PBXFileReference; fileEncoding = 4; lastKnownFileType = sourcecode.c.objc; path = PoemImageView.m; sourceTree = "<group>"; };
		3F7337BA171F2C7900C9239E /* Map2.png */ = {isa = PBXFileReference; lastKnownFileType = image.png; path = Map2.png; sourceTree = "<group>"; };
		3F76C5DA1610D52F0027640E /* MapViewController.h */ = {isa = PBXFileReference; fileEncoding = 4; lastKnownFileType = sourcecode.c.h; path = MapViewController.h; sourceTree = "<group>"; };
		3F76C5DB1610D52F0027640E /* MapViewController.m */ = {isa = PBXFileReference; fileEncoding = 4; lastKnownFileType = sourcecode.c.objc; path = MapViewController.m; sourceTree = "<group>"; };
		3F76C5E31610DFDA0027640E /* MoreViewController.h */ = {isa = PBXFileReference; fileEncoding = 4; lastKnownFileType = sourcecode.c.h; path = MoreViewController.h; sourceTree = "<group>"; };
		3F76C5E41610DFDA0027640E /* MoreViewController.m */ = {isa = PBXFileReference; fileEncoding = 4; lastKnownFileType = sourcecode.c.objc; path = MoreViewController.m; sourceTree = "<group>"; };
		3F87BF331625D7D100938C3E /* CoreData.framework */ = {isa = PBXFileReference; lastKnownFileType = wrapper.framework; name = CoreData.framework; path = System/Library/Frameworks/CoreData.framework; sourceTree = SDKROOT; };
		3FA45177161CA7E20093329D /* Default-568h@2x.png */ = {isa = PBXFileReference; lastKnownFileType = image.png; name = "Default-568h@2x.png"; path = "../Default-568h@2x.png"; sourceTree = "<group>"; };
		3FA7D34A1610B64700F132F3 /* CemeteryApp.app */ = {isa = PBXFileReference; explicitFileType = wrapper.application; includeInIndex = 0; path = CemeteryApp.app; sourceTree = BUILT_PRODUCTS_DIR; };
		3FA7D34E1610B64700F132F3 /* UIKit.framework */ = {isa = PBXFileReference; lastKnownFileType = wrapper.framework; name = UIKit.framework; path = System/Library/Frameworks/UIKit.framework; sourceTree = SDKROOT; };
		3FA7D3501610B64700F132F3 /* Foundation.framework */ = {isa = PBXFileReference; lastKnownFileType = wrapper.framework; name = Foundation.framework; path = System/Library/Frameworks/Foundation.framework; sourceTree = SDKROOT; };
		3FA7D3521610B64700F132F3 /* CoreGraphics.framework */ = {isa = PBXFileReference; lastKnownFileType = wrapper.framework; name = CoreGraphics.framework; path = System/Library/Frameworks/CoreGraphics.framework; sourceTree = SDKROOT; };
		3FA7D3561610B64700F132F3 /* CemeteryApp-Info.plist */ = {isa = PBXFileReference; lastKnownFileType = text.plist.xml; path = "CemeteryApp-Info.plist"; sourceTree = "<group>"; };
		3FA7D3581610B64700F132F3 /* en */ = {isa = PBXFileReference; lastKnownFileType = text.plist.strings; name = en; path = en.lproj/InfoPlist.strings; sourceTree = "<group>"; };
		3FA7D35A1610B64800F132F3 /* main.m */ = {isa = PBXFileReference; lastKnownFileType = sourcecode.c.objc; path = main.m; sourceTree = "<group>"; };
		3FA7D35C1610B64800F132F3 /* CemeteryApp-Prefix.pch */ = {isa = PBXFileReference; lastKnownFileType = sourcecode.c.h; path = "CemeteryApp-Prefix.pch"; sourceTree = "<group>"; };
		3FA7D3611610B64800F132F3 /* en */ = {isa = PBXFileReference; lastKnownFileType = file.storyboard; name = en; path = en.lproj/MainStoryboard.storyboard; sourceTree = "<group>"; };
		3FCC17021700C4B00066EFF0 /* QuartzCore.framework */ = {isa = PBXFileReference; lastKnownFileType = wrapper.framework; name = QuartzCore.framework; path = System/Library/Frameworks/QuartzCore.framework; sourceTree = SDKROOT; };
		3FE71ACF161A0F8E00FF736A /* CemeteryAppAppDelegate.h */ = {isa = PBXFileReference; fileEncoding = 4; lastKnownFileType = sourcecode.c.h; path = CemeteryAppAppDelegate.h; sourceTree = "<group>"; };
		3FE71AD0161A0F8E00FF736A /* CemeteryAppAppDelegate.m */ = {isa = PBXFileReference; fileEncoding = 4; lastKnownFileType = sourcecode.c.objc; path = CemeteryAppAppDelegate.m; sourceTree = "<group>"; };
/* End PBXFileReference section */

/* Begin PBXFrameworksBuildPhase section */
		3FA7D3471610B64700F132F3 /* Frameworks */ = {
			isa = PBXFrameworksBuildPhase;
			buildActionMask = 2147483647;
			files = (
				3FCC17031700C4B00066EFF0 /* QuartzCore.framework in Frameworks */,
				3FA7D34F1610B64700F132F3 /* UIKit.framework in Frameworks */,
				3FA7D3511610B64700F132F3 /* Foundation.framework in Frameworks */,
				3FA7D3531610B64700F132F3 /* CoreGraphics.framework in Frameworks */,
			);
			runOnlyForDeploymentPostprocessing = 0;
		};
/* End PBXFrameworksBuildPhase section */

/* Begin PBXGroup section */
		30D8FE2116EA6F8D00C2C1A1 /* Home */ = {
			isa = PBXGroup;
			children = (
				3F67165D16FA0F8900674923 /* SlideShowScrollView.h */,
				3F67165E16FA0F8900674923 /* SlideShowScrollView.m */,
				3F3D444816B9CA8700A760DC /* HomeViewController.h */,
				3F3D444616B9CA7C00A760DC /* HomeViewController.m */,
				3F67166016FA292400674923 /* PoemImageView.h */,
				3F67166116FA292400674923 /* PoemImageView.m */,
			);
			name = Home;
			sourceTree = "<group>";
		};
		30D8FE2216EA6FAF00C2C1A1 /* Search */ = {
			isa = PBXGroup;
			children = (
				30D8FE2516EA70AC00C2C1A1 /* SearchTableViewController.h */,
				30D8FE2616EA70AC00C2C1A1 /* SearchTableViewController.m */,
				30D8FE2816EA70AC00C2C1A1 /* Tomb.h */,
				30D8FE2916EA70AC00C2C1A1 /* Tomb.m */,
				30D8FE2A16EA70AC00C2C1A1 /* TombDetailViewController.h */,
				30D8FE2B16EA70AC00C2C1A1 /* TombDetailViewController.m */,
				3F16D4A61715E46400A4574E /* TombstoneViewController.h */,
				3F16D4A71715E46400A4574E /* TombstoneViewController.m */,
				3F16D4A91715ECCB00A4574E /* SectionViewController.h */,
				3F16D4AA1715ECCB00A4574E /* SectionViewController.m */,
			);
			name = Search;
			sourceTree = "<group>";
		};
		30D8FE2316EA6FC500C2C1A1 /* Map */ = {
			isa = PBXGroup;
			children = (
				3F76C5DA1610D52F0027640E /* MapViewController.h */,
				3F76C5DB1610D52F0027640E /* MapViewController.m */,
				30031E7516EFA21000981CCC /* BurialMapViewController.h */,
				30031E7616EFA21000981CCC /* BurialMapViewController.m */,
			);
			name = Map;
			sourceTree = "<group>";
		};
		30D8FE2416EA6FD500C2C1A1 /* More */ = {
			isa = PBXGroup;
			children = (
				30B2EEEC18D2038C005CBAB4 /* ImageGalleryCell.h */,
				30B2EEED18D2038C005CBAB4 /* ImageGalleryCell.m */,
				30B2EEE918D202A5005CBAB4 /* ImageGalleryCollectionViewController.h */,
				30B2EEEA18D202A5005CBAB4 /* ImageGalleryCollectionViewController.m */,
				3F76C5E41610DFDA0027640E /* MoreViewController.m */,
				3F76C5E31610DFDA0027640E /* MoreViewController.h */,
				3024B33216D80578007FDB0B /* ImageDetailViewController.h */,
				3024B33316D80578007FDB0B /* ImageDetailViewController.m */,
				3FE71ACF161A0F8E00FF736A /* CemeteryAppAppDelegate.h */,
				3FE71AD0161A0F8E00FF736A /* CemeteryAppAppDelegate.m */,
				07C8E49D16CC1B88000CC940 /* AboutUsViewController.h */,
				07C8E49E16CC1B88000CC940 /* AboutUsViewController.m */,
			);
			name = More;
			sourceTree = "<group>";
		};
		3F16AD0417035B3500DB0DA8 /* poemQuotes */ = {
			isa = PBXGroup;
			children = (
				3F16AD191703809F00DB0DA8 /* i5_poem_1.png */,
				3F16AD35170384C500DB0DA8 /* i5_poem_2.png */,
				3F16AD291703834700DB0DA8 /* i5_poem_3.png */,
				3F16AD2A1703834700DB0DA8 /* i5_poem_4.png */,
				3F16AD31170383A800DB0DA8 /* i5_poem_5.png */,
				3F16AD211703823300DB0DA8 /* i5_poem_6.png */,
				3F16AD221703823300DB0DA8 /* i5_poem_7.png */,
				3F16AD1A1703809F00DB0DA8 /* i5_poem_8.png */,
				3F16AD1B1703809F00DB0DA8 /* i5_poem_9.png */,
				3F16AD1C1703809F00DB0DA8 /* i5_poem_10.png */,
				3F16AD0A17037F6000DB0DA8 /* poem_1.png */,
				3F16AD36170384C500DB0DA8 /* poem_2.png */,
				3F16AD2B1703834700DB0DA8 /* poem_3.png */,
				3F16AD2C1703834700DB0DA8 /* poem_4.png */,
				3F16AD32170383A900DB0DA8 /* poem_5.png */,
				3F16AD231703823300DB0DA8 /* poem_6.png */,
				3F16AD241703823300DB0DA8 /* poem_7.png */,
				3F16AD0C17037F6000DB0DA8 /* poem_8.png */,
				3F16AD0E17037F6000DB0DA8 /* poem_9.png */,
				3F16AD1017037F6000DB0DA8 /* poem_10.png */,
			);
			name = poemQuotes;
			sourceTree = "<group>";
		};
		3F1FDAAB16137870008C52DE /* Images */ = {
			isa = PBXGroup;
			children = (
				3F16AD0417035B3500DB0DA8 /* poemQuotes */,
				3FB7AA1516DE990100DBC510 /* full */,
				3FA45177161CA7E20093329D /* Default-568h@2x.png */,
				07F31BEE161AAC6000CAB198 /* Default@2x.png */,
				07F31BEC161AAC4D00CAB198 /* Default.png */,
				07F31BE8161AAC3600CAB198 /* LaunchImage_Normal.png */,
				0715FACB1610BF87006A91A0 /* AppIcon_Retina.png */,
				300BAF4B171D87E40098AADA /* not_available.png */,
				07F31BE9161AAC3600CAB198 /* LaunchImage_Retina.png */,
				0715FAC91610BF81006A91A0 /* AppIcon_Normal.png */,
				309EBD9216488B2A00F7386B /* ssimage01.png */,
				309EBD9316488B2A00F7386B /* ssimage02.png */,
				309EBD9416488B2A00F7386B /* ssimage03.png */,
				309EBD9516488B2A00F7386B /* ssimage04.png */,
				30031E7816EFAA8700981CCC /* BurialMap.png */,
				3F1FDAAC16137870008C52DE /* AppIcon_Normal.png */,
				3F1FDAAD16137870008C52DE /* AppIcon_Retina.png */,
				3F7337BA171F2C7900C9239E /* Map2.png */,
				3F1FDBA216137870008C52DE /* home_24.png */,
				3F1FDBA316137870008C52DE /* home_48.png */,
				3F1FDBA416137870008C52DE /* home_64.png */,
				3F1FDBBB16137870008C52DE /* magnifier_24.png */,
				3F1FDBBC16137870008C52DE /* magnifier_48.png */,
				3F1FDBBD16137870008C52DE /* magnifier_64.png */,
				3030A72216DE8C3600ADD02F /* globe_24.png */,
				3030A72316DE8C3600ADD02F /* globe_48.png */,
				3030A72416DE8C3600ADD02F /* globe_64.png */,
				3F1FDC7116137871008C52DE /* AppIcon_Normal.png */,
				3F1FDCCB16137871008C52DE /* icon_home.png */,
				3F1FDCD416137871008C52DE /* icon_magnify_glass.png */,
			);
			path = Images;
			sourceTree = "<group>";
		};
		3FA7D33F1610B64700F132F3 = {
			isa = PBXGroup;
			children = (
				3FCC17021700C4B00066EFF0 /* QuartzCore.framework */,
				303A661E16EF669700CA2324 /* SystemConfiguration.framework */,
				3F87BF331625D7D100938C3E /* CoreData.framework */,
				3F1FDAAB16137870008C52DE /* Images */,
				3FA7D3541610B64700F132F3 /* CemeteryApp */,
				3FA7D34D1610B64700F132F3 /* Frameworks */,
				3FA7D34B1610B64700F132F3 /* Products */,
			);
			sourceTree = "<group>";
		};
		3FA7D34B1610B64700F132F3 /* Products */ = {
			isa = PBXGroup;
			children = (
				3FA7D34A1610B64700F132F3 /* CemeteryApp.app */,
			);
			name = Products;
			sourceTree = "<group>";
		};
		3FA7D34D1610B64700F132F3 /* Frameworks */ = {
			isa = PBXGroup;
			children = (
				3FA7D34E1610B64700F132F3 /* UIKit.framework */,
				3FA7D3501610B64700F132F3 /* Foundation.framework */,
				3FA7D3521610B64700F132F3 /* CoreGraphics.framework */,
			);
			name = Frameworks;
			sourceTree = "<group>";
		};
		3FA7D3541610B64700F132F3 /* CemeteryApp */ = {
			isa = PBXGroup;
			children = (
				3FA7D3601610B64800F132F3 /* MainStoryboard.storyboard */,
				30D8FE2116EA6F8D00C2C1A1 /* Home */,
				30D8FE2216EA6FAF00C2C1A1 /* Search */,
				30D8FE2316EA6FC500C2C1A1 /* Map */,
				30D8FE2416EA6FD500C2C1A1 /* More */,
				3FA7D3551610B64700F132F3 /* Supporting Files */,
			);
			path = CemeteryApp;
			sourceTree = "<group>";
		};
		3FA7D3551610B64700F132F3 /* Supporting Files */ = {
			isa = PBXGroup;
			children = (
				3027743D1703296700FDFBD2 /* default_tomb_db.json */,
				3FA7D3561610B64700F132F3 /* CemeteryApp-Info.plist */,
				3FA7D3571610B64700F132F3 /* InfoPlist.strings */,
				3FA7D35A1610B64800F132F3 /* main.m */,
				3FA7D35C1610B64800F132F3 /* CemeteryApp-Prefix.pch */,
				30D5828F1944AC49002760D5 /* testjson.json */,
			);
			name = "Supporting Files";
			sourceTree = "<group>";
		};
		3FB7AA1516DE990100DBC510 /* full */ = {
			isa = PBXGroup;
			children = (
				07027D0F16E683EB007BE13D /* 0_full.jpg */,
				07027D1016E683EB007BE13D /* 1_full.jpg */,
				07027D1116E683EB007BE13D /* 2_full.jpg */,
				07027D1216E683EB007BE13D /* 3_full.jpg */,
				07027D1316E683EB007BE13D /* 4_full.jpg */,
				07027D1416E683EB007BE13D /* 5_full.jpg */,
				07027D1516E683EB007BE13D /* 6_full.jpg */,
				07027D1616E683EB007BE13D /* 7_full.jpg */,
				07027D1716E683EB007BE13D /* 8_full.jpg */,
				07027D1816E683EB007BE13D /* 9_full.jpg */,
				07027D1916E683EB007BE13D /* 10_full.jpg */,
				07027D1A16E683EB007BE13D /* 11_full.jpg */,
				07027D1B16E683EB007BE13D /* 12_full.jpg */,
				07027D1C16E683EB007BE13D /* 13_full.jpg */,
				07027D1D16E683EB007BE13D /* 14_full.jpg */,
				07027D1E16E683EB007BE13D /* 15_full.jpg */,
			);
			name = full;
			sourceTree = "<group>";
		};
/* End PBXGroup section */

/* Begin PBXNativeTarget section */
		3FA7D3491610B64700F132F3 /* CemeteryApp */ = {
			isa = PBXNativeTarget;
			buildConfigurationList = 3FA7D3681610B64800F132F3 /* Build configuration list for PBXNativeTarget "CemeteryApp" */;
			buildPhases = (
				3FA7D3461610B64700F132F3 /* Sources */,
				3FA7D3471610B64700F132F3 /* Frameworks */,
				3FA7D3481610B64700F132F3 /* Resources */,
			);
			buildRules = (
			);
			dependencies = (
			);
			name = CemeteryApp;
			productName = CemeteryApp;
			productReference = 3FA7D34A1610B64700F132F3 /* CemeteryApp.app */;
			productType = "com.apple.product-type.application";
		};
/* End PBXNativeTarget section */

/* Begin PBXProject section */
		3FA7D3411610B64700F132F3 /* Project object */ = {
			isa = PBXProject;
			attributes = {
				CLASSPREFIX = CemeteryApp;
				LastUpgradeCheck = 0500;
				ORGANIZATIONNAME = KeanU;
			};
			buildConfigurationList = 3FA7D3441610B64700F132F3 /* Build configuration list for PBXProject "CemeteryApp" */;
			compatibilityVersion = "Xcode 3.2";
			developmentRegion = English;
			hasScannedForEncodings = 0;
			knownRegions = (
				en,
			);
			mainGroup = 3FA7D33F1610B64700F132F3;
			productRefGroup = 3FA7D34B1610B64700F132F3 /* Products */;
			projectDirPath = "";
			projectRoot = "";
			targets = (
				3FA7D3491610B64700F132F3 /* CemeteryApp */,
			);
		};
/* End PBXProject section */

/* Begin PBXResourcesBuildPhase section */
		3FA7D3481610B64700F132F3 /* Resources */ = {
			isa = PBXResourcesBuildPhase;
			buildActionMask = 2147483647;
			files = (
				3FA7D3591610B64700F132F3 /* InfoPlist.strings in Resources */,
				3FA7D3621610B64800F132F3 /* MainStoryboard.storyboard in Resources */,
				3F1FDD1516137871008C52DE /* AppIcon_Normal.png in Resources */,
				3F1FDD1616137871008C52DE /* AppIcon_Retina.png in Resources */,
				3F1FDE0A16137871008C52DE /* home_24.png in Resources */,
				3F1FDE0B16137871008C52DE /* home_48.png in Resources */,
				3F1FDE0C16137871008C52DE /* home_64.png in Resources */,
				30D582901944AC49002760D5 /* testjson.json in Resources */,
				3F1FDE2316137871008C52DE /* magnifier_24.png in Resources */,
				3F1FDE2416137871008C52DE /* magnifier_48.png in Resources */,
				3F1FDE2516137871008C52DE /* magnifier_64.png in Resources */,
				3F1FDF3216137871008C52DE /* icon_home.png in Resources */,
				3F1FDF3B16137871008C52DE /* icon_magnify_glass.png in Resources */,
				07F31BEA161AAC3700CAB198 /* LaunchImage_Normal.png in Resources */,
				07F31BEB161AAC3700CAB198 /* LaunchImage_Retina.png in Resources */,
				07F31BED161AAC4D00CAB198 /* Default.png in Resources */,
				07F31BEF161AAC6000CAB198 /* Default@2x.png in Resources */,
				3FA45178161CA7E20093329D /* Default-568h@2x.png in Resources */,
				309EBD9716488B2A00F7386B /* ssimage01.png in Resources */,
				309EBD9816488B2A00F7386B /* ssimage02.png in Resources */,
				309EBD9916488B2A00F7386B /* ssimage03.png in Resources */,
				309EBD9A16488B2A00F7386B /* ssimage04.png in Resources */,
				3030A72516DE8C3600ADD02F /* globe_24.png in Resources */,
				3030A72616DE8C3600ADD02F /* globe_48.png in Resources */,
				3030A72716DE8C3600ADD02F /* globe_64.png in Resources */,
				07027D1F16E683EB007BE13D /* 0_full.jpg in Resources */,
				07027D2016E683EB007BE13D /* 1_full.jpg in Resources */,
				07027D2116E683EB007BE13D /* 2_full.jpg in Resources */,
				07027D2216E683EB007BE13D /* 3_full.jpg in Resources */,
				07027D2316E683EB007BE13D /* 4_full.jpg in Resources */,
				07027D2416E683EB007BE13D /* 5_full.jpg in Resources */,
				07027D2516E683EB007BE13D /* 6_full.jpg in Resources */,
				07027D2616E683EB007BE13D /* 7_full.jpg in Resources */,
				07027D2716E683EB007BE13D /* 8_full.jpg in Resources */,
				07027D2816E683EB007BE13D /* 9_full.jpg in Resources */,
				07027D2916E683EB007BE13D /* 10_full.jpg in Resources */,
				07027D2A16E683EB007BE13D /* 11_full.jpg in Resources */,
				07027D2B16E683EB007BE13D /* 12_full.jpg in Resources */,
				07027D2C16E683EB007BE13D /* 13_full.jpg in Resources */,
				07027D2D16E683EB007BE13D /* 14_full.jpg in Resources */,
				07027D2E16E683EB007BE13D /* 15_full.jpg in Resources */,
				30031E7916EFAA8700981CCC /* BurialMap.png in Resources */,
				3027743E1703296700FDFBD2 /* default_tomb_db.json in Resources */,
				3F16AD1217037F6000DB0DA8 /* poem_1.png in Resources */,
				3F16AD1417037F6000DB0DA8 /* poem_8.png in Resources */,
				3F16AD1617037F6000DB0DA8 /* poem_9.png in Resources */,
				3F16AD1817037F6000DB0DA8 /* poem_10.png in Resources */,
				3F16AD1D1703809F00DB0DA8 /* i5_poem_1.png in Resources */,
				3F16AD1E1703809F00DB0DA8 /* i5_poem_8.png in Resources */,
				3F16AD1F1703809F00DB0DA8 /* i5_poem_9.png in Resources */,
				3F16AD201703809F00DB0DA8 /* i5_poem_10.png in Resources */,
				3F16AD251703823300DB0DA8 /* i5_poem_6.png in Resources */,
				3F16AD261703823300DB0DA8 /* i5_poem_7.png in Resources */,
				3F16AD271703823300DB0DA8 /* poem_6.png in Resources */,
				3F16AD281703823300DB0DA8 /* poem_7.png in Resources */,
				3F16AD2D1703834700DB0DA8 /* i5_poem_3.png in Resources */,
				3F16AD2E1703834700DB0DA8 /* i5_poem_4.png in Resources */,
				3F16AD2F1703834700DB0DA8 /* poem_3.png in Resources */,
				3F16AD301703834700DB0DA8 /* poem_4.png in Resources */,
				3F16AD33170383A900DB0DA8 /* i5_poem_5.png in Resources */,
				3F16AD34170383A900DB0DA8 /* poem_5.png in Resources */,
				3F16AD37170384C500DB0DA8 /* i5_poem_2.png in Resources */,
				3F16AD38170384C500DB0DA8 /* poem_2.png in Resources */,
				300BAF4C171D87E40098AADA /* not_available.png in Resources */,
				3F7337BB171F2C7900C9239E /* Map2.png in Resources */,
			);
			runOnlyForDeploymentPostprocessing = 0;
		};
/* End PBXResourcesBuildPhase section */

/* Begin PBXSourcesBuildPhase section */
		3FA7D3461610B64700F132F3 /* Sources */ = {
			isa = PBXSourcesBuildPhase;
			buildActionMask = 2147483647;
			files = (
				3FA7D35B1610B64800F132F3 /* main.m in Sources */,
				3F76C5DC1610D52F0027640E /* MapViewController.m in Sources */,
				3F76C5E51610DFDA0027640E /* MoreViewController.m in Sources */,
				3FE71AD1161A0F8E00FF736A /* CemeteryAppAppDelegate.m in Sources */,
				3F3D444716B9CA7C00A760DC /* HomeViewController.m in Sources */,
				07C8E4A616CC3A37000CC940 /* AboutUsViewController.m in Sources */,
				3024B33416D80578007FDB0B /* ImageDetailViewController.m in Sources */,
				30D8FE2C16EA70AC00C2C1A1 /* SearchTableViewController.m in Sources */,
				30D8FE2E16EA70AC00C2C1A1 /* Tomb.m in Sources */,
				30D8FE2F16EA70AC00C2C1A1 /* TombDetailViewController.m in Sources */,
				30031E7716EFA21000981CCC /* BurialMapViewController.m in Sources */,
				3F67165F16FA0F8900674923 /* SlideShowScrollView.m in Sources */,
				3F67166216FA292400674923 /* PoemImageView.m in Sources */,
				30B2EEEE18D2038C005CBAB4 /* ImageGalleryCell.m in Sources */,
				3F16D4A81715E46400A4574E /* TombstoneViewController.m in Sources */,
				3F16D4AB1715ECCB00A4574E /* SectionViewController.m in Sources */,
				30B2EEEB18D202A5005CBAB4 /* ImageGalleryCollectionViewController.m in Sources */,
			);
			runOnlyForDeploymentPostprocessing = 0;
		};
/* End PBXSourcesBuildPhase section */

/* Begin PBXVariantGroup section */
		3FA7D3571610B64700F132F3 /* InfoPlist.strings */ = {
			isa = PBXVariantGroup;
			children = (
				3FA7D3581610B64700F132F3 /* en */,
			);
			name = InfoPlist.strings;
			sourceTree = "<group>";
		};
		3FA7D3601610B64800F132F3 /* MainStoryboard.storyboard */ = {
			isa = PBXVariantGroup;
			children = (
				3FA7D3611610B64800F132F3 /* en */,
			);
			name = MainStoryboard.storyboard;
			sourceTree = "<group>";
		};
/* End PBXVariantGroup section */

/* Begin XCBuildConfiguration section */
		3FA7D3661610B64800F132F3 /* Debug */ = {
			isa = XCBuildConfiguration;
			buildSettings = {
				ALWAYS_SEARCH_USER_PATHS = NO;
				CLANG_CXX_LANGUAGE_STANDARD = "gnu++0x";
				CLANG_ENABLE_OBJC_ARC = YES;
				CLANG_WARN_BOOL_CONVERSION = YES;
				CLANG_WARN_CONSTANT_CONVERSION = YES;
				CLANG_WARN_EMPTY_BODY = YES;
				CLANG_WARN_ENUM_CONVERSION = YES;
				CLANG_WARN_INT_CONVERSION = YES;
				CLANG_WARN__DUPLICATE_METHOD_MATCH = YES;
				CODE_SIGN_IDENTITY = "iPhone Developer";
				"CODE_SIGN_IDENTITY[sdk=iphoneos*]" = "iPhone Developer";
				COPY_PHASE_STRIP = NO;
				GCC_C_LANGUAGE_STANDARD = gnu99;
				GCC_DYNAMIC_NO_PIC = NO;
				GCC_OPTIMIZATION_LEVEL = 0;
				GCC_PREPROCESSOR_DEFINITIONS = (
					"DEBUG=1",
					"$(inherited)",
				);
				GCC_SYMBOLS_PRIVATE_EXTERN = NO;
				GCC_VERSION = com.apple.compilers.llvm.clang.1_0;
				GCC_WARN_64_TO_32_BIT_CONVERSION = YES;
				GCC_WARN_ABOUT_RETURN_TYPE = YES;
				GCC_WARN_UNDECLARED_SELECTOR = YES;
				GCC_WARN_UNINITIALIZED_AUTOS = YES;
				GCC_WARN_UNUSED_FUNCTION = YES;
				GCC_WARN_UNUSED_VARIABLE = YES;
				IPHONEOS_DEPLOYMENT_TARGET = 5.1;
				ONLY_ACTIVE_ARCH = YES;
				PROVISIONING_PROFILE = "";
				SDKROOT = iphoneos;
			};
			name = Debug;
		};
		3FA7D3671610B64800F132F3 /* Release */ = {
			isa = XCBuildConfiguration;
			buildSettings = {
				ALWAYS_SEARCH_USER_PATHS = NO;
				CLANG_CXX_LANGUAGE_STANDARD = "gnu++0x";
				CLANG_ENABLE_OBJC_ARC = YES;
				CLANG_WARN_BOOL_CONVERSION = YES;
				CLANG_WARN_CONSTANT_CONVERSION = YES;
				CLANG_WARN_EMPTY_BODY = YES;
				CLANG_WARN_ENUM_CONVERSION = YES;
				CLANG_WARN_INT_CONVERSION = YES;
				CLANG_WARN__DUPLICATE_METHOD_MATCH = YES;
				CODE_SIGN_IDENTITY = "iPhone Developer";
				"CODE_SIGN_IDENTITY[sdk=iphoneos*]" = "iPhone Developer";
				COPY_PHASE_STRIP = YES;
				GCC_C_LANGUAGE_STANDARD = gnu99;
				GCC_VERSION = com.apple.compilers.llvm.clang.1_0;
				GCC_WARN_64_TO_32_BIT_CONVERSION = YES;
				GCC_WARN_ABOUT_RETURN_TYPE = YES;
				GCC_WARN_UNDECLARED_SELECTOR = YES;
				GCC_WARN_UNINITIALIZED_AUTOS = YES;
				GCC_WARN_UNUSED_FUNCTION = YES;
				GCC_WARN_UNUSED_VARIABLE = YES;
				IPHONEOS_DEPLOYMENT_TARGET = 5.1;
				OTHER_CFLAGS = "-DNS_BLOCK_ASSERTIONS=1";
				PROVISIONING_PROFILE = "";
				SDKROOT = iphoneos;
				VALIDATE_PRODUCT = YES;
			};
			name = Release;
		};
		3FA7D3691610B64800F132F3 /* Debug */ = {
			isa = XCBuildConfiguration;
			buildSettings = {
				GCC_PRECOMPILE_PREFIX_HEADER = YES;
				GCC_PREFIX_HEADER = "CemeteryApp/CemeteryApp-Prefix.pch";
				INFOPLIST_FILE = "CemeteryApp/CemeteryApp-Info.plist";
				IPHONEOS_DEPLOYMENT_TARGET = 6.0;
				PRODUCT_NAME = "$(TARGET_NAME)";
				WRAPPER_EXTENSION = app;
			};
			name = Debug;
		};
		3FA7D36A1610B64800F132F3 /* Release */ = {
			isa = XCBuildConfiguration;
			buildSettings = {
				GCC_PRECOMPILE_PREFIX_HEADER = YES;
				GCC_PREFIX_HEADER = "CemeteryApp/CemeteryApp-Prefix.pch";
				INFOPLIST_FILE = "CemeteryApp/CemeteryApp-Info.plist";
				IPHONEOS_DEPLOYMENT_TARGET = 6.0;
				PRODUCT_NAME = "$(TARGET_NAME)";
				WRAPPER_EXTENSION = app;
			};
			name = Release;
		};
/* End XCBuildConfiguration section */

/* Begin XCConfigurationList section */
		3FA7D3441610B64700F132F3 /* Build configuration list for PBXProject "CemeteryApp" */ = {
			isa = XCConfigurationList;
			buildConfigurations = (
				3FA7D3661610B64800F132F3 /* Debug */,
				3FA7D3671610B64800F132F3 /* Release */,
			);
			defaultConfigurationIsVisible = 0;
			defaultConfigurationName = Release;
		};
		3FA7D3681610B64800F132F3 /* Build configuration list for PBXNativeTarget "CemeteryApp" */ = {
			isa = XCConfigurationList;
			buildConfigurations = (
				3FA7D3691610B64800F132F3 /* Debug */,
				3FA7D36A1610B64800F132F3 /* Release */,
			);
			defaultConfigurationIsVisible = 0;
			defaultConfigurationName = Release;
		};
/* End XCConfigurationList section */
	};
	rootObject = 3FA7D3411610B64700F132F3 /* Project object */;
}
